
Microsoft Visual Studio Solution File, Format Version 12.00
# Visual Studio Version 17
VisualStudioVersion = 17.0.32112.339
MinimumVisualStudioVersion = 10.0.40219.1
Project("{FAE04EC0-301F-11D3-BF4B-00C04F79EFBC}") = "Challenge", "Challenge\Challenge.csproj", "{9565409A-F9C6-4BA5-9711-6E94AFE3D42B}"
EndProject
Global
	GlobalSection(SolutionConfigurationPlatforms) = preSolution
		Debug|Any CPU = Debug|Any CPU
		Release|Any CPU = Release|Any CPU
	EndGlobalSection
	GlobalSection(ProjectConfigurationPlatforms) = postSolution
		{9565409A-F9C6-4BA5-9711-6E94AFE3D42B}.Debug|Any CPU.ActiveCfg = Debug|Any CPU
		{9565409A-F9C6-4BA5-9711-6E94AFE3D42B}.Debug|Any CPU.Build.0 = Debug|Any CPU
		{9565409A-F9C6-4BA5-9711-6E94AFE3D42B}.Release|Any CPU.ActiveCfg = Release|Any CPU
		{9565409A-F9C6-4BA5-9711-6E94AFE3D42B}.Release|Any CPU.Build.0 = Release|Any CPU
	EndGlobalSection
	GlobalSection(SolutionProperties) = preSolution
		HideSolutionNode = FALSE
	EndGlobalSection
	GlobalSection(ExtensibilityGlobals) = postSolution
		SolutionGuid = {AFF016AD-FCF4-4E18-B9A5-16F542DDE609}
	EndGlobalSection
EndGlobal
