
Microsoft Visual Studio Solution File, Format Version 12.00
# Visual Studio Version 17
VisualStudioVersion = 17.0.32112.339
MinimumVisualStudioVersion = 10.0.40219.1
Project("{FAE04EC0-301F-11D3-BF4B-00C04F79EFBC}") = "MathOperators", "MathOperators\MathOperators.csproj", "{709AB5B1-000A-43EB-8ABA-E19F49AEE185}"
EndProject
Global
	GlobalSection(SolutionConfigurationPlatforms) = preSolution
		Debug|Any CPU = Debug|Any CPU
		Release|Any CPU = Release|Any CPU
	EndGlobalSection
	GlobalSection(ProjectConfigurationPlatforms) = postSolution
		{709AB5B1-000A-43EB-8ABA-E19F49AEE185}.Debug|Any CPU.ActiveCfg = Debug|Any CPU
		{709AB5B1-000A-43EB-8ABA-E19F49AEE185}.Debug|Any CPU.Build.0 = Debug|Any CPU
		{709AB5B1-000A-43EB-8ABA-E19F49AEE185}.Release|Any CPU.ActiveCfg = Release|Any CPU
		{709AB5B1-000A-43EB-8ABA-E19F49AEE185}.Release|Any CPU.Build.0 = Release|Any CPU
	EndGlobalSection
	GlobalSection(SolutionProperties) = preSolution
		HideSolutionNode = FALSE
	EndGlobalSection
	GlobalSection(ExtensibilityGlobals) = postSolution
		SolutionGuid = {642234A7-E5D0-407C-838E-51A21E5E11F4}
	EndGlobalSection
EndGlobal
