
Microsoft Visual Studio Solution File, Format Version 12.00
# Visual Studio Version 17
VisualStudioVersion = 17.0.32112.339
MinimumVisualStudioVersion = 10.0.40219.1
Project("{FAE04EC0-301F-11D3-BF4B-00C04F79EFBC}") = "Challenge", "Challenge\Challenge.csproj", "{BBEDEFBF-AB32-4876-810D-DDCB2613A7FE}"
EndProject
Global
	GlobalSection(SolutionConfigurationPlatforms) = preSolution
		Debug|Any CPU = Debug|Any CPU
		Release|Any CPU = Release|Any CPU
	EndGlobalSection
	GlobalSection(ProjectConfigurationPlatforms) = postSolution
		{BBEDEFBF-AB32-4876-810D-DDCB2613A7FE}.Debug|Any CPU.ActiveCfg = Debug|Any CPU
		{BBEDEFBF-AB32-4876-810D-DDCB2613A7FE}.Debug|Any CPU.Build.0 = Debug|Any CPU
		{BBEDEFBF-AB32-4876-810D-DDCB2613A7FE}.Release|Any CPU.ActiveCfg = Release|Any CPU
		{BBEDEFBF-AB32-4876-810D-DDCB2613A7FE}.Release|Any CPU.Build.0 = Release|Any CPU
	EndGlobalSection
	GlobalSection(SolutionProperties) = preSolution
		HideSolutionNode = FALSE
	EndGlobalSection
	GlobalSection(ExtensibilityGlobals) = postSolution
		SolutionGuid = {DADEE23D-44E1-463D-B49D-437B229D42A9}
	EndGlobalSection
EndGlobal
